
Microsoft Visual Studio Solution File, Format Version 12.00
# Visual Studio 2012
Project("{F184B08F-C81C-45F6-A57F-5ABD9991F28F}") = "YEarnestProj5", "YEarnestProj5\YEarnestProj5.vbproj", "{46D1C1EB-2B7E-4488-AFD9-5DD65D9C1CAE}"
EndProject
Global
	GlobalSection(SolutionConfigurationPlatforms) = preSolution
		Debug|Any CPU = Debug|Any CPU
		Release|Any CPU = Release|Any CPU
	EndGlobalSection
	GlobalSection(ProjectConfigurationPlatforms) = postSolution
		{46D1C1EB-2B7E-4488-AFD9-5DD65D9C1CAE}.Debug|Any CPU.ActiveCfg = Debug|Any CPU
		{46D1C1EB-2B7E-4488-AFD9-5DD65D9C1CAE}.Debug|Any CPU.Build.0 = Debug|Any CPU
		{46D1C1EB-2B7E-4488-AFD9-5DD65D9C1CAE}.Release|Any CPU.ActiveCfg = Release|Any CPU
		{46D1C1EB-2B7E-4488-AFD9-5DD65D9C1CAE}.Release|Any CPU.Build.0 = Release|Any CPU
	EndGlobalSection
	GlobalSection(SolutionProperties) = preSolution
		HideSolutionNode = FALSE
	EndGlobalSection
EndGlobal
